
Microsoft Visual Studio Solution File, Format Version 12.00
# Visual Studio Version 17
VisualStudioVersion = 17.0.31903.59
MinimumVisualStudioVersion = 10.0.40219.1
Project("{9A19103F-16F7-4668-BE54-9A1E7A4F7556}") = "CustomLibrary.ProblemDetails", "src\CustomLibrary.ProblemDetails\CustomLibrary.ProblemDetails.csproj", "{7C1C6714-C223-4AAB-8907-880DDB971725}"
EndProject
Project("{FAE04EC0-301F-11D3-BF4B-00C04F79EFBC}") = "CustomLibrary.ProblemDetails.Sample", "src\CustomLibrary.ProblemDetails.Sample\CustomLibrary.ProblemDetails.Sample.csproj", "{D2C69704-5854-47E9-86A2-496AE61809CA}"
EndProject
Global
	GlobalSection(SolutionConfigurationPlatforms) = preSolution
		Debug|Any CPU = Debug|Any CPU
		Release|Any CPU = Release|Any CPU
	EndGlobalSection
	GlobalSection(ProjectConfigurationPlatforms) = postSolution
		{7C1C6714-C223-4AAB-8907-880DDB971725}.Debug|Any CPU.ActiveCfg = Debug|Any CPU
		{7C1C6714-C223-4AAB-8907-880DDB971725}.Debug|Any CPU.Build.0 = Debug|Any CPU
		{7C1C6714-C223-4AAB-8907-880DDB971725}.Release|Any CPU.ActiveCfg = Release|Any CPU
		{7C1C6714-C223-4AAB-8907-880DDB971725}.Release|Any CPU.Build.0 = Release|Any CPU
		{D2C69704-5854-47E9-86A2-496AE61809CA}.Debug|Any CPU.ActiveCfg = Debug|Any CPU
		{D2C69704-5854-47E9-86A2-496AE61809CA}.Debug|Any CPU.Build.0 = Debug|Any CPU
		{D2C69704-5854-47E9-86A2-496AE61809CA}.Release|Any CPU.ActiveCfg = Release|Any CPU
		{D2C69704-5854-47E9-86A2-496AE61809CA}.Release|Any CPU.Build.0 = Release|Any CPU
	EndGlobalSection
	GlobalSection(SolutionProperties) = preSolution
		HideSolutionNode = FALSE
	EndGlobalSection
	GlobalSection(ExtensibilityGlobals) = postSolution
		SolutionGuid = {C3F70D5E-F131-4CE9-A6D6-403D6BCAD737}
	EndGlobalSection
EndGlobal
